
Microsoft Visual Studio Solution File, Format Version 12.00
# Visual Studio Version 17
VisualStudioVersion = 17.5.002.0
MinimumVisualStudioVersion = 10.0.40219.1
Project("{9A19103F-16F7-4668-BE54-9A1E7A4F7556}") = "ModelTests", "ModelTests\ModelTests.csproj", "{D73F020F-A4B4-4741-9B6C-F478AF46A002}"
EndProject
Project("{9A19103F-16F7-4668-BE54-9A1E7A4F7556}") = "Agilistas", "API\Agilistas.csproj", "{E2972D7B-4069-4FCB-BE9E-CB4997300BAA}"
EndProject
Global
	GlobalSection(SolutionConfigurationPlatforms) = preSolution
		Debug|Any CPU = Debug|Any CPU
		Release|Any CPU = Release|Any CPU
	EndGlobalSection
	GlobalSection(ProjectConfigurationPlatforms) = postSolution
		{D73F020F-A4B4-4741-9B6C-F478AF46A002}.Debug|Any CPU.ActiveCfg = Debug|Any CPU
		{D73F020F-A4B4-4741-9B6C-F478AF46A002}.Debug|Any CPU.Build.0 = Debug|Any CPU
		{D73F020F-A4B4-4741-9B6C-F478AF46A002}.Release|Any CPU.ActiveCfg = Release|Any CPU
		{D73F020F-A4B4-4741-9B6C-F478AF46A002}.Release|Any CPU.Build.0 = Release|Any CPU
		{E2972D7B-4069-4FCB-BE9E-CB4997300BAA}.Debug|Any CPU.ActiveCfg = Debug|Any CPU
		{E2972D7B-4069-4FCB-BE9E-CB4997300BAA}.Debug|Any CPU.Build.0 = Debug|Any CPU
		{E2972D7B-4069-4FCB-BE9E-CB4997300BAA}.Release|Any CPU.ActiveCfg = Release|Any CPU
		{E2972D7B-4069-4FCB-BE9E-CB4997300BAA}.Release|Any CPU.Build.0 = Release|Any CPU
	EndGlobalSection
	GlobalSection(SolutionProperties) = preSolution
		HideSolutionNode = FALSE
	EndGlobalSection
	GlobalSection(ExtensibilityGlobals) = postSolution
		SolutionGuid = {89067638-09E1-45D8-8252-949888712538}
	EndGlobalSection
EndGlobal
